{
  "originHash" : "6f0b8924a14bd13d84c56bfcf7e01ef6556a9b618cd2dd8ea4c97c5b98b04e77",
  "pins" : [
    {
      "identity" : "kitbridge",
      "kind" : "remoteSourceControl",
      "location" : "https://github.com/iStumblerLabs/KitBridge.git",
      "state" : {
        "revision" : "ec9ce2026ee94201783369452db096f324384a2a",
        "version" : "1.3.2"
      }
    }
  ],
  "version" : 3
}
